
Microsoft Visual Studio Solution File, Format Version 12.00
# Visual Studio 14
VisualStudioVersion = 14.0.24720.0
MinimumVisualStudioVersion = 10.0.40219.1
Project("{FAE04EC0-301F-11D3-BF4B-00C04F79EFBC}") = "PROG2070A1ZQ", "PROG2070A1ZQ\PROG2070A1ZQ.csproj", "{5535BF3A-4433-463E-9F85-1CF37A03076C}"
EndProject
Project("{FAE04EC0-301F-11D3-BF4B-00C04F79EFBC}") = "PROG2070A1ZQ.test", "PROG2070A1TEST\PROG2070A1ZQ.test.csproj", "{A5B4FEC1-4C46-4474-854D-999C00C20AFA}"
EndProject
Global
	GlobalSection(SolutionConfigurationPlatforms) = preSolution
		Debug|Any CPU = Debug|Any CPU
		Release|Any CPU = Release|Any CPU
	EndGlobalSection
	GlobalSection(ProjectConfigurationPlatforms) = postSolution
		{5535BF3A-4433-463E-9F85-1CF37A03076C}.Debug|Any CPU.ActiveCfg = Debug|Any CPU
		{5535BF3A-4433-463E-9F85-1CF37A03076C}.Debug|Any CPU.Build.0 = Debug|Any CPU
		{5535BF3A-4433-463E-9F85-1CF37A03076C}.Release|Any CPU.ActiveCfg = Release|Any CPU
		{5535BF3A-4433-463E-9F85-1CF37A03076C}.Release|Any CPU.Build.0 = Release|Any CPU
		{A5B4FEC1-4C46-4474-854D-999C00C20AFA}.Debug|Any CPU.ActiveCfg = Debug|Any CPU
		{A5B4FEC1-4C46-4474-854D-999C00C20AFA}.Debug|Any CPU.Build.0 = Debug|Any CPU
		{A5B4FEC1-4C46-4474-854D-999C00C20AFA}.Release|Any CPU.ActiveCfg = Release|Any CPU
		{A5B4FEC1-4C46-4474-854D-999C00C20AFA}.Release|Any CPU.Build.0 = Release|Any CPU
	EndGlobalSection
	GlobalSection(SolutionProperties) = preSolution
		HideSolutionNode = FALSE
	EndGlobalSection
EndGlobal
